<Project Sdk="Microsoft.NET.Sdk">
  <PropertyGroup>
    <VisualStudioVersion Condition="'$(VisualStudioVersion)' == ''">16.0</VisualStudioVersion>
    <VSToolsPath Condition="'$(VSToolsPath)' == ''">$(MSBuildExtensionsPath32)\Microsoft\VisualStudio\v$(VisualStudioVersion)</VSToolsPath>
  </PropertyGroup>
  <ItemGroup>
    <ProjectReference Include="HotelReservation\HotelReservation.csproj" />
  </ItemGroup>
</Project>